
Microsoft Visual Studio Solution File, Format Version 12.00
Project("{FAE04EC0-301F-11D3-BF4B-00C04F79EFBC}") = "Mission5Assignment", "Mission5Assignment\Mission5Assignment.csproj", "{4652E640-59C1-489B-8E8B-EBDF5BF46A89}"
EndProject
Global
	GlobalSection(SolutionConfigurationPlatforms) = preSolution
		Debug|Any CPU = Debug|Any CPU
		Release|Any CPU = Release|Any CPU
	EndGlobalSection
	GlobalSection(ProjectConfigurationPlatforms) = postSolution
		{4652E640-59C1-489B-8E8B-EBDF5BF46A89}.Debug|Any CPU.ActiveCfg = Debug|Any CPU
		{4652E640-59C1-489B-8E8B-EBDF5BF46A89}.Debug|Any CPU.Build.0 = Debug|Any CPU
		{4652E640-59C1-489B-8E8B-EBDF5BF46A89}.Release|Any CPU.ActiveCfg = Release|Any CPU
		{4652E640-59C1-489B-8E8B-EBDF5BF46A89}.Release|Any CPU.Build.0 = Release|Any CPU
	EndGlobalSection
EndGlobal
